
Microsoft Visual Studio Solution File, Format Version 12.00
# Visual Studio Version 17
VisualStudioVersion = 17.3.32929.385
MinimumVisualStudioVersion = 10.0.40219.1
Project("{9A19103F-16F7-4668-BE54-9A1E7A4F7556}") = "CrudProduto", "CrudProduto.csproj", "{D024C61F-6E35-4961-AF0F-903F8D22B388}"
EndProject
Global
	GlobalSection(SolutionConfigurationPlatforms) = preSolution
		Debug|Any CPU = Debug|Any CPU
		Release|Any CPU = Release|Any CPU
	EndGlobalSection
	GlobalSection(ProjectConfigurationPlatforms) = postSolution
		{D024C61F-6E35-4961-AF0F-903F8D22B388}.Debug|Any CPU.ActiveCfg = Debug|Any CPU
		{D024C61F-6E35-4961-AF0F-903F8D22B388}.Debug|Any CPU.Build.0 = Debug|Any CPU
		{D024C61F-6E35-4961-AF0F-903F8D22B388}.Release|Any CPU.ActiveCfg = Release|Any CPU
		{D024C61F-6E35-4961-AF0F-903F8D22B388}.Release|Any CPU.Build.0 = Release|Any CPU
	EndGlobalSection
	GlobalSection(SolutionProperties) = preSolution
		HideSolutionNode = FALSE
	EndGlobalSection
	GlobalSection(ExtensibilityGlobals) = postSolution
		SolutionGuid = {57C1C8B7-DBC9-441B-887E-E20C3255D9A4}
	EndGlobalSection
EndGlobal
